<Solution>
  <Folder Name="/tests/">
    <Project Path="tests/Veilora.IntegrationTests/Veilora.IntegrationTests.csproj" />
    <Project Path="tests/Veilora.UnitTests/Veilora.UnitTests.csproj" />
  </Folder>
  <Project Path="Veilora.Api/Veilora.Api.csproj" />
  <Project Path="Veilora.Application/Veilora.Application.csproj" />
  <Project Path="Veilora.Domain/Veilora.Domain.csproj" />
  <Project Path="Veilora.Infrastructure/Veilora.Infrastructure.csproj" />
</Solution>
